
Microsoft Visual Studio Solution File, Format Version 9.00
# Visual Studio 2005
Project("{8BC9CEB8-8B4A-11D0-8D11-00A0C91BC942}") = "example1", "example1\example1.vcproj", "{76D53BF5-EE20-4BA5-BB3B-0210EFD1857A}"
EndProject
Project("{8BC9CEB8-8B4A-11D0-8D11-00A0C91BC942}") = "pixel_calc", "pixel_calc\pixel_calc.vcproj", "{3F1917AE-2DBD-426E-B86E-CD0CC50812AB}"
EndProject
Project("{8BC9CEB8-8B4A-11D0-8D11-00A0C91BC942}") = "fibonacci", "fibonacci\fibonacci.vcproj", "{39CA288F-4BF8-43F4-B34D-3268508B18D8}"
EndProject
Project("{8BC9CEB8-8B4A-11D0-8D11-00A0C91BC942}") = "tutorial1", "tutorial1\tutorial1.vcproj", "{D6F94489-9A36-4319-8A67-C8DA8E7AB33E}"
EndProject
Global
	GlobalSection(SolutionConfigurationPlatforms) = preSolution
		Debug|Win32 = Debug|Win32
		Debug|x64 = Debug|x64
		Release|Win32 = Release|Win32
		Release|x64 = Release|x64
	EndGlobalSection
	GlobalSection(ProjectConfigurationPlatforms) = postSolution
		{76D53BF5-EE20-4BA5-BB3B-0210EFD1857A}.Debug|Win32.ActiveCfg = Debug|Win32
		{76D53BF5-EE20-4BA5-BB3B-0210EFD1857A}.Debug|Win32.Build.0 = Debug|Win32
		{76D53BF5-EE20-4BA5-BB3B-0210EFD1857A}.Debug|x64.ActiveCfg = Debug|x64
		{76D53BF5-EE20-4BA5-BB3B-0210EFD1857A}.Debug|x64.Build.0 = Debug|x64
		{76D53BF5-EE20-4BA5-BB3B-0210EFD1857A}.Release|Win32.ActiveCfg = Release|Win32
		{76D53BF5-EE20-4BA5-BB3B-0210EFD1857A}.Release|Win32.Build.0 = Release|Win32
		{76D53BF5-EE20-4BA5-BB3B-0210EFD1857A}.Release|x64.ActiveCfg = Release|x64
		{76D53BF5-EE20-4BA5-BB3B-0210EFD1857A}.Release|x64.Build.0 = Release|x64
		{3F1917AE-2DBD-426E-B86E-CD0CC50812AB}.Debug|Win32.ActiveCfg = Debug|Win32
		{3F1917AE-2DBD-426E-B86E-CD0CC50812AB}.Debug|Win32.Build.0 = Debug|Win32
		{3F1917AE-2DBD-426E-B86E-CD0CC50812AB}.Debug|x64.ActiveCfg = Debug|x64
		{3F1917AE-2DBD-426E-B86E-CD0CC50812AB}.Debug|x64.Build.0 = Debug|x64
		{3F1917AE-2DBD-426E-B86E-CD0CC50812AB}.Release|Win32.ActiveCfg = Release|Win32
		{3F1917AE-2DBD-426E-B86E-CD0CC50812AB}.Release|Win32.Build.0 = Release|Win32
		{3F1917AE-2DBD-426E-B86E-CD0CC50812AB}.Release|x64.ActiveCfg = Release|x64
		{3F1917AE-2DBD-426E-B86E-CD0CC50812AB}.Release|x64.Build.0 = Release|x64
		{39CA288F-4BF8-43F4-B34D-3268508B18D8}.Debug|Win32.ActiveCfg = Debug|Win32
		{39CA288F-4BF8-43F4-B34D-3268508B18D8}.Debug|Win32.Build.0 = Debug|Win32
		{39CA288F-4BF8-43F4-B34D-3268508B18D8}.Debug|x64.ActiveCfg = Debug|x64
		{39CA288F-4BF8-43F4-B34D-3268508B18D8}.Debug|x64.Build.0 = Debug|x64
		{39CA288F-4BF8-43F4-B34D-3268508B18D8}.Release|Win32.ActiveCfg = Release|Win32
		{39CA288F-4BF8-43F4-B34D-3268508B18D8}.Release|Win32.Build.0 = Release|Win32
		{39CA288F-4BF8-43F4-B34D-3268508B18D8}.Release|x64.ActiveCfg = Release|x64
		{39CA288F-4BF8-43F4-B34D-3268508B18D8}.Release|x64.Build.0 = Release|x64
		{D6F94489-9A36-4319-8A67-C8DA8E7AB33E}.Debug|Win32.ActiveCfg = Debug|Win32
		{D6F94489-9A36-4319-8A67-C8DA8E7AB33E}.Debug|Win32.Build.0 = Debug|Win32
		{D6F94489-9A36-4319-8A67-C8DA8E7AB33E}.Debug|x64.ActiveCfg = Debug|x64
		{D6F94489-9A36-4319-8A67-C8DA8E7AB33E}.Debug|x64.Build.0 = Debug|x64
		{D6F94489-9A36-4319-8A67-C8DA8E7AB33E}.Release|Win32.ActiveCfg = Release|Win32
		{D6F94489-9A36-4319-8A67-C8DA8E7AB33E}.Release|Win32.Build.0 = Release|Win32
		{D6F94489-9A36-4319-8A67-C8DA8E7AB33E}.Release|x64.ActiveCfg = Release|x64
		{D6F94489-9A36-4319-8A67-C8DA8E7AB33E}.Release|x64.Build.0 = Release|x64
	EndGlobalSection
	GlobalSection(SolutionProperties) = preSolution
		HideSolutionNode = FALSE
	EndGlobalSection
EndGlobal
